
Microsoft Visual Studio Solution File, Format Version 12.00
# Visual Studio Version 16
VisualStudioVersion = 16.0.34301.259
MinimumVisualStudioVersion = 10.0.40219.1
Project("{FAE04EC0-301F-11D3-BF4B-00C04F79EFBC}") = "Keyboard Tester", "Keyboard Tester.csproj", "{EB435D38-7F23-43EA-808F-D1A39E97D4CF}"
EndProject
Global
	GlobalSection(SolutionConfigurationPlatforms) = preSolution
		Debug|Any CPU = Debug|Any CPU
		Release|Any CPU = Release|Any CPU
	EndGlobalSection
	GlobalSection(ProjectConfigurationPlatforms) = postSolution
		{EB435D38-7F23-43EA-808F-D1A39E97D4CF}.Debug|Any CPU.ActiveCfg = Debug|Any CPU
		{EB435D38-7F23-43EA-808F-D1A39E97D4CF}.Debug|Any CPU.Build.0 = Debug|Any CPU
		{EB435D38-7F23-43EA-808F-D1A39E97D4CF}.Release|Any CPU.ActiveCfg = Release|Any CPU
		{EB435D38-7F23-43EA-808F-D1A39E97D4CF}.Release|Any CPU.Build.0 = Release|Any CPU
	EndGlobalSection
	GlobalSection(SolutionProperties) = preSolution
		HideSolutionNode = FALSE
	EndGlobalSection
	GlobalSection(ExtensibilityGlobals) = postSolution
		SolutionGuid = {54680A4B-E07F-4269-B371-C45EFEFB57C0}
	EndGlobalSection
EndGlobal
